
Microsoft Visual Studio Solution File, Format Version 12.00
# Visual Studio 2012
Project("{2150E333-8FDC-42A3-9474-1A3956D46DE8}") = "Solution Items", "Solution Items", "{B5EEDDCD-009D-4877-BDC3-FC8A59FF31C0}"
	ProjectSection(SolutionItems) = preProject
		..\Payment\Alipay.vsmdi = ..\Payment\Alipay.vsmdi
		..\Payment\Local.testsettings = ..\Payment\Local.testsettings
		..\Payment\TraceAndTestImpact.testsettings = ..\Payment\TraceAndTestImpact.testsettings
	EndProjectSection
EndProject
Project("{FAE04EC0-301F-11D3-BF4B-00C04F79EFBC}") = "Alipay", "Alipay.csproj", "{2E38D688-B842-4A79-B7FB-05B95A103782}"
EndProject
Project("{FAE04EC0-301F-11D3-BF4B-00C04F79EFBC}") = "Alipay.Tests", "..\Alipay.Tests\Alipay.Tests.csproj", "{FB13EBFE-E15A-4092-99C0-2E0CC7B6CB10}"
EndProject
Global
	GlobalSection(TestCaseManagementSettings) = postSolution
		CategoryFile = ..\Payment\Alipay.vsmdi
	EndGlobalSection
	GlobalSection(SolutionConfigurationPlatforms) = preSolution
		Debug|Any CPU = Debug|Any CPU
		Debug|Mixed Platforms = Debug|Mixed Platforms
		Debug|x86 = Debug|x86
		Release|Any CPU = Release|Any CPU
		Release|Mixed Platforms = Release|Mixed Platforms
		Release|x86 = Release|x86
	EndGlobalSection
	GlobalSection(ProjectConfigurationPlatforms) = postSolution
		{2E38D688-B842-4A79-B7FB-05B95A103782}.Debug|Any CPU.ActiveCfg = Debug|x86
		{2E38D688-B842-4A79-B7FB-05B95A103782}.Debug|Mixed Platforms.ActiveCfg = Debug|x86
		{2E38D688-B842-4A79-B7FB-05B95A103782}.Debug|Mixed Platforms.Build.0 = Debug|x86
		{2E38D688-B842-4A79-B7FB-05B95A103782}.Debug|x86.ActiveCfg = Debug|x86
		{2E38D688-B842-4A79-B7FB-05B95A103782}.Debug|x86.Build.0 = Debug|x86
		{2E38D688-B842-4A79-B7FB-05B95A103782}.Release|Any CPU.ActiveCfg = Release|x86
		{2E38D688-B842-4A79-B7FB-05B95A103782}.Release|Mixed Platforms.ActiveCfg = Release|x86
		{2E38D688-B842-4A79-B7FB-05B95A103782}.Release|Mixed Platforms.Build.0 = Release|x86
		{2E38D688-B842-4A79-B7FB-05B95A103782}.Release|x86.ActiveCfg = Release|x86
		{2E38D688-B842-4A79-B7FB-05B95A103782}.Release|x86.Build.0 = Release|x86
		{FB13EBFE-E15A-4092-99C0-2E0CC7B6CB10}.Debug|Any CPU.ActiveCfg = Debug|Any CPU
		{FB13EBFE-E15A-4092-99C0-2E0CC7B6CB10}.Debug|Any CPU.Build.0 = Debug|Any CPU
		{FB13EBFE-E15A-4092-99C0-2E0CC7B6CB10}.Debug|Mixed Platforms.ActiveCfg = Debug|Any CPU
		{FB13EBFE-E15A-4092-99C0-2E0CC7B6CB10}.Debug|Mixed Platforms.Build.0 = Debug|Any CPU
		{FB13EBFE-E15A-4092-99C0-2E0CC7B6CB10}.Debug|x86.ActiveCfg = Debug|Any CPU
		{FB13EBFE-E15A-4092-99C0-2E0CC7B6CB10}.Release|Any CPU.ActiveCfg = Release|Any CPU
		{FB13EBFE-E15A-4092-99C0-2E0CC7B6CB10}.Release|Any CPU.Build.0 = Release|Any CPU
		{FB13EBFE-E15A-4092-99C0-2E0CC7B6CB10}.Release|Mixed Platforms.ActiveCfg = Release|Any CPU
		{FB13EBFE-E15A-4092-99C0-2E0CC7B6CB10}.Release|Mixed Platforms.Build.0 = Release|Any CPU
		{FB13EBFE-E15A-4092-99C0-2E0CC7B6CB10}.Release|x86.ActiveCfg = Release|Any CPU
	EndGlobalSection
	GlobalSection(SolutionProperties) = preSolution
		HideSolutionNode = FALSE
	EndGlobalSection
EndGlobal
